
Microsoft Visual Studio Solution File, Format Version 12.00
# Visual Studio Version 16
VisualStudioVersion = 16.0.30717.126
MinimumVisualStudioVersion = 10.0.40219.1
Project("{FAE04EC0-301F-11D3-BF4B-00C04F79EFBC}") = "RESTClientVSCode", "RESTClientVSCode\RESTClientVSCode.csproj", "{E1BE3ED9-0C5C-4747-9AE4-DE45B531DD68}"
EndProject
Global
	GlobalSection(SolutionConfigurationPlatforms) = preSolution
		Debug|Any CPU = Debug|Any CPU
		Release|Any CPU = Release|Any CPU
	EndGlobalSection
	GlobalSection(ProjectConfigurationPlatforms) = postSolution
		{E1BE3ED9-0C5C-4747-9AE4-DE45B531DD68}.Debug|Any CPU.ActiveCfg = Debug|Any CPU
		{E1BE3ED9-0C5C-4747-9AE4-DE45B531DD68}.Debug|Any CPU.Build.0 = Debug|Any CPU
		{E1BE3ED9-0C5C-4747-9AE4-DE45B531DD68}.Release|Any CPU.ActiveCfg = Release|Any CPU
		{E1BE3ED9-0C5C-4747-9AE4-DE45B531DD68}.Release|Any CPU.Build.0 = Release|Any CPU
	EndGlobalSection
	GlobalSection(SolutionProperties) = preSolution
		HideSolutionNode = FALSE
	EndGlobalSection
	GlobalSection(ExtensibilityGlobals) = postSolution
		SolutionGuid = {E9CF58E7-E999-45B8-8018-9FB163F00335}
	EndGlobalSection
EndGlobal
